
Microsoft Visual Studio Solution File, Format Version 12.00
# Visual Studio 2012
Project("{FAE04EC0-301F-11D3-BF4B-00C04F79EFBC}") = "Milestone 4", "Milestone 4\Milestone 4.csproj", "{26F76DA5-5907-457D-BA1A-0178A70FFB33}"
EndProject
Global
	GlobalSection(SolutionConfigurationPlatforms) = preSolution
		Debug|Any CPU = Debug|Any CPU
		Release|Any CPU = Release|Any CPU
	EndGlobalSection
	GlobalSection(ProjectConfigurationPlatforms) = postSolution
		{26F76DA5-5907-457D-BA1A-0178A70FFB33}.Debug|Any CPU.ActiveCfg = Debug|Any CPU
		{26F76DA5-5907-457D-BA1A-0178A70FFB33}.Debug|Any CPU.Build.0 = Debug|Any CPU
		{26F76DA5-5907-457D-BA1A-0178A70FFB33}.Release|Any CPU.ActiveCfg = Release|Any CPU
		{26F76DA5-5907-457D-BA1A-0178A70FFB33}.Release|Any CPU.Build.0 = Release|Any CPU
	EndGlobalSection
	GlobalSection(SolutionProperties) = preSolution
		HideSolutionNode = FALSE
	EndGlobalSection
EndGlobal
